// !$*UTF8*$!
{
	archiveVersion = 1;
	classes = {
	};
	objectVersion = 56;
	objects = {

/* Begin PBXBuildFile section */
		B8ACA1E729BC85190062A755 /* AppDelegate.swift in Sources */ = {isa = PBXBuildFile; fileRef = B8ACA1E629BC85190062A755 /* AppDelegate.swift */; };
		B8ACA1E929BC85190062A755 /* SceneDelegate.swift in Sources */ = {isa = PBXBuildFile; fileRef = B8ACA1E829BC85190062A755 /* SceneDelegate.swift */; };
		B8ACA1EB29BC85190062A755 /* ViewController.swift in Sources */ = {isa = PBXBuildFile; fileRef = B8ACA1EA29BC85190062A755 /* ViewController.swift */; };
		B8ACA1EE29BC85190062A755 /* Main.storyboard in Resources */ = {isa = PBXBuildFile; fileRef = B8ACA1EC29BC85190062A755 /* Main.storyboard */; };
		B8ACA1F029BC851A0062A755 /* Assets.xcassets in Resources */ = {isa = PBXBuildFile; fileRef = B8ACA1EF29BC851A0062A755 /* Assets.xcassets */; };
		B8ACA1F329BC851A0062A755 /* LaunchScreen.storyboard in Resources */ = {isa = PBXBuildFile; fileRef = B8ACA1F129BC851A0062A755 /* LaunchScreen.storyboard */; };
		B8ACA1FB29BC8D100062A755 /* Sicilian_Breeze.mp3 in Resources */ = {isa = PBXBuildFile; fileRef = B8ACA1FA29BC8D100062A755 /* Sicilian_Breeze.mp3 */; };
		B8ACA1FD29BCA3BB0062A755 /* stop.png in Resources */ = {isa = PBXBuildFile; fileRef = B8ACA1FC29BCA3BB0062A755 /* stop.png */; };
		B8ACA20129BCA3C40062A755 /* record.png in Resources */ = {isa = PBXBuildFile; fileRef = B8ACA1FE29BCA3C40062A755 /* record.png */; };
		B8ACA20229BCA3C40062A755 /* play.png in Resources */ = {isa = PBXBuildFile; fileRef = B8ACA1FF29BCA3C40062A755 /* play.png */; };
		B8ACA20329BCA3C40062A755 /* pause.png in Resources */ = {isa = PBXBuildFile; fileRef = B8ACA20029BCA3C40062A755 /* pause.png */; };
/* End PBXBuildFile section */

/* Begin PBXFileReference section */
		B8ACA1E329BC85190062A755 /* Audio.app */ = {isa = PBXFileReference; explicitFileType = wrapper.application; includeInIndex = 0; path = Audio.app; sourceTree = BUILT_PRODUCTS_DIR; };
		B8ACA1E629BC85190062A755 /* AppDelegate.swift */ = {isa = PBXFileReference; lastKnownFileType = sourcecode.swift; path = AppDelegate.swift; sourceTree = "<group>"; };
		B8ACA1E829BC85190062A755 /* SceneDelegate.swift */ = {isa = PBXFileReference; lastKnownFileType = sourcecode.swift; path = SceneDelegate.swift; sourceTree = "<group>"; };
		B8ACA1EA29BC85190062A755 /* ViewController.swift */ = {isa = PBXFileReference; lastKnownFileType = sourcecode.swift; path = ViewController.swift; sourceTree = "<group>"; };
		B8ACA1ED29BC85190062A755 /* Base */ = {isa = PBXFileReference; lastKnownFileType = file.storyboard; name = Base; path = Base.lproj/Main.storyboard; sourceTree = "<group>"; };
		B8ACA1EF29BC851A0062A755 /* Assets.xcassets */ = {isa = PBXFileReference; lastKnownFileType = folder.assetcatalog; path = Assets.xcassets; sourceTree = "<group>"; };
		B8ACA1F229BC851A0062A755 /* Base */ = {isa = PBXFileReference; lastKnownFileType = file.storyboard; name = Base; path = Base.lproj/LaunchScreen.storyboard; sourceTree = "<group>"; };
		B8ACA1F429BC851A0062A755 /* Info.plist */ = {isa = PBXFileReference; lastKnownFileType = text.plist.xml; path = Info.plist; sourceTree = "<group>"; };
		B8ACA1FA29BC8D100062A755 /* Sicilian_Breeze.mp3 */ = {isa = PBXFileReference; lastKnownFileType = audio.mp3; path = Sicilian_Breeze.mp3; sourceTree = "<group>"; };
		B8ACA1FC29BCA3BB0062A755 /* stop.png */ = {isa = PBXFileReference; lastKnownFileType = image.png; path = stop.png; sourceTree = "<group>"; };
		B8ACA1FE29BCA3C40062A755 /* record.png */ = {isa = PBXFileReference; lastKnownFileType = image.png; path = record.png; sourceTree = "<group>"; };
		B8ACA1FF29BCA3C40062A755 /* play.png */ = {isa = PBXFileReference; lastKnownFileType = image.png; path = play.png; sourceTree = "<group>"; };
		B8ACA20029BCA3C40062A755 /* pause.png */ = {isa = PBXFileReference; lastKnownFileType = image.png; path = pause.png; sourceTree = "<group>"; };
/* End PBXFileReference section */

/* Begin PBXFrameworksBuildPhase section */
		B8ACA1E029BC85190062A755 /* Frameworks */ = {
			isa = PBXFrameworksBuildPhase;
			buildActionMask = 2147483647;
			files = (
			);
			runOnlyForDeploymentPostprocessing = 0;
		};
/* End PBXFrameworksBuildPhase section */

/* Begin PBXGroup section */
		B8ACA1DA29BC85190062A755 = {
			isa = PBXGroup;
			children = (
				B8ACA1E529BC85190062A755 /* Audio */,
				B8ACA1E429BC85190062A755 /* Products */,
			);
			sourceTree = "<group>";
		};
		B8ACA1E429BC85190062A755 /* Products */ = {
			isa = PBXGroup;
			children = (
				B8ACA1E329BC85190062A755 /* Audio.app */,
			);
			name = Products;
			sourceTree = "<group>";
		};
		B8ACA1E529BC85190062A755 /* Audio */ = {
			isa = PBXGroup;
			children = (
				B8ACA20029BCA3C40062A755 /* pause.png */,
				B8ACA1FF29BCA3C40062A755 /* play.png */,
				B8ACA1FE29BCA3C40062A755 /* record.png */,
				B8ACA1FC29BCA3BB0062A755 /* stop.png */,
				B8ACA1FA29BC8D100062A755 /* Sicilian_Breeze.mp3 */,
				B8ACA1E629BC85190062A755 /* AppDelegate.swift */,
				B8ACA1E829BC85190062A755 /* SceneDelegate.swift */,
				B8ACA1EA29BC85190062A755 /* ViewController.swift */,
				B8ACA1EC29BC85190062A755 /* Main.storyboard */,
				B8ACA1EF29BC851A0062A755 /* Assets.xcassets */,
				B8ACA1F129BC851A0062A755 /* LaunchScreen.storyboard */,
				B8ACA1F429BC851A0062A755 /* Info.plist */,
			);
			path = Audio;
			sourceTree = "<group>";
		};
/* End PBXGroup section */

/* Begin PBXNativeTarget section */
		B8ACA1E229BC85190062A755 /* Audio */ = {
			isa = PBXNativeTarget;
			buildConfigurationList = B8ACA1F729BC851A0062A755 /* Build configuration list for PBXNativeTarget "Audio" */;
			buildPhases = (
				B8ACA1DF29BC85190062A755 /* Sources */,
				B8ACA1E029BC85190062A755 /* Frameworks */,
				B8ACA1E129BC85190062A755 /* Resources */,
			);
			buildRules = (
			);
			dependencies = (
			);
			name = Audio;
			productName = Audio;
			productReference = B8ACA1E329BC85190062A755 /* Audio.app */;
			productType = "com.apple.product-type.application";
		};
/* End PBXNativeTarget section */

/* Begin PBXProject section */
		B8ACA1DB29BC85190062A755 /* Project object */ = {
			isa = PBXProject;
			attributes = {
				BuildIndependentTargetsInParallel = 1;
				LastSwiftUpdateCheck = 1420;
				LastUpgradeCheck = 1420;
				TargetAttributes = {
					B8ACA1E229BC85190062A755 = {
						CreatedOnToolsVersion = 14.2;
					};
				};
			};
			buildConfigurationList = B8ACA1DE29BC85190062A755 /* Build configuration list for PBXProject "Audio" */;
			compatibilityVersion = "Xcode 14.0";
			developmentRegion = en;
			hasScannedForEncodings = 0;
			knownRegions = (
				en,
				Base,
			);
			mainGroup = B8ACA1DA29BC85190062A755;
			productRefGroup = B8ACA1E429BC85190062A755 /* Products */;
			projectDirPath = "";
			projectRoot = "";
			targets = (
				B8ACA1E229BC85190062A755 /* Audio */,
			);
		};
/* End PBXProject section */

/* Begin PBXResourcesBuildPhase section */
		B8ACA1E129BC85190062A755 /* Resources */ = {
			isa = PBXResourcesBuildPhase;
			buildActionMask = 2147483647;
			files = (
				B8ACA20229BCA3C40062A755 /* play.png in Resources */,
				B8ACA1F329BC851A0062A755 /* LaunchScreen.storyboard in Resources */,
				B8ACA20329BCA3C40062A755 /* pause.png in Resources */,
				B8ACA1FD29BCA3BB0062A755 /* stop.png in Resources */,
				B8ACA1FB29BC8D100062A755 /* Sicilian_Breeze.mp3 in Resources */,
				B8ACA1F029BC851A0062A755 /* Assets.xcassets in Resources */,
				B8ACA20129BCA3C40062A755 /* record.png in Resources */,
				B8ACA1EE29BC85190062A755 /* Main.storyboard in Resources */,
			);
			runOnlyForDeploymentPostprocessing = 0;
		};
/* End PBXResourcesBuildPhase section */

/* Begin PBXSourcesBuildPhase section */
		B8ACA1DF29BC85190062A755 /* Sources */ = {
			isa = PBXSourcesBuildPhase;
			buildActionMask = 2147483647;
			files = (
				B8ACA1EB29BC85190062A755 /* ViewController.swift in Sources */,
				B8ACA1E729BC85190062A755 /* AppDelegate.swift in Sources */,
				B8ACA1E929BC85190062A755 /* SceneDelegate.swift in Sources */,
			);
			runOnlyForDeploymentPostprocessing = 0;
		};
/* End PBXSourcesBuildPhase section */

/* Begin PBXVariantGroup section */
		B8ACA1EC29BC85190062A755 /* Main.storyboard */ = {
			isa = PBXVariantGroup;
			children = (
				B8ACA1ED29BC85190062A755 /* Base */,
			);
			name = Main.storyboard;
			sourceTree = "<group>";
		};
		B8ACA1F129BC851A0062A755 /* LaunchScreen.storyboard */ = {
			isa = PBXVariantGroup;
			children = (
				B8ACA1F229BC851A0062A755 /* Base */,
			);
			name = LaunchScreen.storyboard;
			sourceTree = "<group>";
		};
/* End PBXVariantGroup section */

/* Begin XCBuildConfiguration section */
		B8ACA1F529BC851A0062A755 /* Debug */ = {
			isa = XCBuildConfiguration;
			buildSettings = {
				ALWAYS_SEARCH_USER_PATHS = NO;
				CLANG_ANALYZER_NONNULL = YES;
				CLANG_ANALYZER_NUMBER_OBJECT_CONVERSION = YES_AGGRESSIVE;
				CLANG_CXX_LANGUAGE_STANDARD = "gnu++20";
				CLANG_ENABLE_MODULES = YES;
				CLANG_ENABLE_OBJC_ARC = YES;
				CLANG_ENABLE_OBJC_WEAK = YES;
				CLANG_WARN_BLOCK_CAPTURE_AUTORELEASING = YES;
				CLANG_WARN_BOOL_CONVERSION = YES;
				CLANG_WARN_COMMA = YES;
				CLANG_WARN_CONSTANT_CONVERSION = YES;
				CLANG_WARN_DEPRECATED_OBJC_IMPLEMENTATIONS = YES;
				CLANG_WARN_DIRECT_OBJC_ISA_USAGE = YES_ERROR;
				CLANG_WARN_DOCUMENTATION_COMMENTS = YES;
				CLANG_WARN_EMPTY_BODY = YES;
				CLANG_WARN_ENUM_CONVERSION = YES;
				CLANG_WARN_INFINITE_RECURSION = YES;
				CLANG_WARN_INT_CONVERSION = YES;
				CLANG_WARN_NON_LITERAL_NULL_CONVERSION = YES;
				CLANG_WARN_OBJC_IMPLICIT_RETAIN_SELF = YES;
				CLANG_WARN_OBJC_LITERAL_CONVERSION = YES;
				CLANG_WARN_OBJC_ROOT_CLASS = YES_ERROR;
				CLANG_WARN_QUOTED_INCLUDE_IN_FRAMEWORK_HEADER = YES;
				CLANG_WARN_RANGE_LOOP_ANALYSIS = YES;
				CLANG_WARN_STRICT_PROTOTYPES = YES;
				CLANG_WARN_SUSPICIOUS_MOVE = YES;
				CLANG_WARN_UNGUARDED_AVAILABILITY = YES_AGGRESSIVE;
				CLANG_WARN_UNREACHABLE_CODE = YES;
				CLANG_WARN__DUPLICATE_METHOD_MATCH = YES;
				COPY_PHASE_STRIP = NO;
				DEBUG_INFORMATION_FORMAT = dwarf;
				ENABLE_STRICT_OBJC_MSGSEND = YES;
				ENABLE_TESTABILITY = YES;
				GCC_C_LANGUAGE_STANDARD = gnu11;
				GCC_DYNAMIC_NO_PIC = NO;
				GCC_NO_COMMON_BLOCKS = YES;
				GCC_OPTIMIZATION_LEVEL = 0;
				GCC_PREPROCESSOR_DEFINITIONS = (
					"DEBUG=1",
					"$(inherited)",
				);
				GCC_WARN_64_TO_32_BIT_CONVERSION = YES;
				GCC_WARN_ABOUT_RETURN_TYPE = YES_ERROR;
				GCC_WARN_UNDECLARED_SELECTOR = YES;
				GCC_WARN_UNINITIALIZED_AUTOS = YES_AGGRESSIVE;
				GCC_WARN_UNUSED_FUNCTION = YES;
				GCC_WARN_UNUSED_VARIABLE = YES;
				IPHONEOS_DEPLOYMENT_TARGET = 16.2;
				MTL_ENABLE_DEBUG_INFO = INCLUDE_SOURCE;
				MTL_FAST_MATH = YES;
				ONLY_ACTIVE_ARCH = YES;
				SDKROOT = iphoneos;
				SWIFT_ACTIVE_COMPILATION_CONDITIONS = DEBUG;
				SWIFT_OPTIMIZATION_LEVEL = "-Onone";
			};
			name = Debug;
		};
		B8ACA1F629BC851A0062A755 /* Release */ = {
			isa = XCBuildConfiguration;
			buildSettings = {
				ALWAYS_SEARCH_USER_PATHS = NO;
				CLANG_ANALYZER_NONNULL = YES;
				CLANG_ANALYZER_NUMBER_OBJECT_CONVERSION = YES_AGGRESSIVE;
				CLANG_CXX_LANGUAGE_STANDARD = "gnu++20";
				CLANG_ENABLE_MODULES = YES;
				CLANG_ENABLE_OBJC_ARC = YES;
				CLANG_ENABLE_OBJC_WEAK = YES;
				CLANG_WARN_BLOCK_CAPTURE_AUTORELEASING = YES;
				CLANG_WARN_BOOL_CONVERSION = YES;
				CLANG_WARN_COMMA = YES;
				CLANG_WARN_CONSTANT_CONVERSION = YES;
				CLANG_WARN_DEPRECATED_OBJC_IMPLEMENTATIONS = YES;
				CLANG_WARN_DIRECT_OBJC_ISA_USAGE = YES_ERROR;
				CLANG_WARN_DOCUMENTATION_COMMENTS = YES;
				CLANG_WARN_EMPTY_BODY = YES;
				CLANG_WARN_ENUM_CONVERSION = YES;
				CLANG_WARN_INFINITE_RECURSION = YES;
				CLANG_WARN_INT_CONVERSION = YES;
				CLANG_WARN_NON_LITERAL_NULL_CONVERSION = YES;
				CLANG_WARN_OBJC_IMPLICIT_RETAIN_SELF = YES;
				CLANG_WARN_OBJC_LITERAL_CONVERSION = YES;
				CLANG_WARN_OBJC_ROOT_CLASS = YES_ERROR;
				CLANG_WARN_QUOTED_INCLUDE_IN_FRAMEWORK_HEADER = YES;
				CLANG_WARN_RANGE_LOOP_ANALYSIS = YES;
				CLANG_WARN_STRICT_PROTOTYPES = YES;
				CLANG_WARN_SUSPICIOUS_MOVE = YES;
				CLANG_WARN_UNGUARDED_AVAILABILITY = YES_AGGRESSIVE;
				CLANG_WARN_UNREACHABLE_CODE = YES;
				CLANG_WARN__DUPLICATE_METHOD_MATCH = YES;
				COPY_PHASE_STRIP = NO;
				DEBUG_INFORMATION_FORMAT = "dwarf-with-dsym";
				ENABLE_NS_ASSERTIONS = NO;
				ENABLE_STRICT_OBJC_MSGSEND = YES;
				GCC_C_LANGUAGE_STANDARD = gnu11;
				GCC_NO_COMMON_BLOCKS = YES;
				GCC_WARN_64_TO_32_BIT_CONVERSION = YES;
				GCC_WARN_ABOUT_RETURN_TYPE = YES_ERROR;
				GCC_WARN_UNDECLARED_SELECTOR = YES;
				GCC_WARN_UNINITIALIZED_AUTOS = YES_AGGRESSIVE;
				GCC_WARN_UNUSED_FUNCTION = YES;
				GCC_WARN_UNUSED_VARIABLE = YES;
				IPHONEOS_DEPLOYMENT_TARGET = 16.2;
				MTL_ENABLE_DEBUG_INFO = NO;
				MTL_FAST_MATH = YES;
				SDKROOT = iphoneos;
				SWIFT_COMPILATION_MODE = wholemodule;
				SWIFT_OPTIMIZATION_LEVEL = "-O";
				VALIDATE_PRODUCT = YES;
			};
			name = Release;
		};
		B8ACA1F829BC851A0062A755 /* Debug */ = {
			isa = XCBuildConfiguration;
			buildSettings = {
				ASSETCATALOG_COMPILER_APPICON_NAME = AppIcon;
				ASSETCATALOG_COMPILER_GLOBAL_ACCENT_COLOR_NAME = AccentColor;
				CODE_SIGN_STYLE = Automatic;
				CURRENT_PROJECT_VERSION = 1;
				DEVELOPMENT_TEAM = RCM87YWJ79;
				GENERATE_INFOPLIST_FILE = YES;
				INFOPLIST_FILE = Audio/Info.plist;
				INFOPLIST_KEY_UIApplicationSupportsIndirectInputEvents = YES;
				INFOPLIST_KEY_UILaunchStoryboardName = LaunchScreen;
				INFOPLIST_KEY_UIMainStoryboardFile = Main;
				INFOPLIST_KEY_UISupportedInterfaceOrientations = UIInterfaceOrientationPortrait;
				LD_RUNPATH_SEARCH_PATHS = (
					"$(inherited)",
					"@executable_path/Frameworks",
				);
				MARKETING_VERSION = 1.0;
				PRODUCT_BUNDLE_IDENTIFIER = com.kybeen.Audio;
				PRODUCT_NAME = "$(TARGET_NAME)";
				SWIFT_EMIT_LOC_STRINGS = YES;
				SWIFT_VERSION = 5.0;
				TARGETED_DEVICE_FAMILY = "1,2";
			};
			name = Debug;
		};
		B8ACA1F929BC851A0062A755 /* Release */ = {
			isa = XCBuildConfiguration;
			buildSettings = {
				ASSETCATALOG_COMPILER_APPICON_NAME = AppIcon;
				ASSETCATALOG_COMPILER_GLOBAL_ACCENT_COLOR_NAME = AccentColor;
				CODE_SIGN_STYLE = Automatic;
				CURRENT_PROJECT_VERSION = 1;
				DEVELOPMENT_TEAM = RCM87YWJ79;
				GENERATE_INFOPLIST_FILE = YES;
				INFOPLIST_FILE = Audio/Info.plist;
				INFOPLIST_KEY_UIApplicationSupportsIndirectInputEvents = YES;
				INFOPLIST_KEY_UILaunchStoryboardName = LaunchScreen;
				INFOPLIST_KEY_UIMainStoryboardFile = Main;
				INFOPLIST_KEY_UISupportedInterfaceOrientations = UIInterfaceOrientationPortrait;
				LD_RUNPATH_SEARCH_PATHS = (
					"$(inherited)",
					"@executable_path/Frameworks",
				);
				MARKETING_VERSION = 1.0;
				PRODUCT_BUNDLE_IDENTIFIER = com.kybeen.Audio;
				PRODUCT_NAME = "$(TARGET_NAME)";
				SWIFT_EMIT_LOC_STRINGS = YES;
				SWIFT_VERSION = 5.0;
				TARGETED_DEVICE_FAMILY = "1,2";
			};
			name = Release;
		};
/* End XCBuildConfiguration section */

/* Begin XCConfigurationList section */
		B8ACA1DE29BC85190062A755 /* Build configuration list for PBXProject "Audio" */ = {
			isa = XCConfigurationList;
			buildConfigurations = (
				B8ACA1F529BC851A0062A755 /* Debug */,
				B8ACA1F629BC851A0062A755 /* Release */,
			);
			defaultConfigurationIsVisible = 0;
			defaultConfigurationName = Release;
		};
		B8ACA1F729BC851A0062A755 /* Build configuration list for PBXNativeTarget "Audio" */ = {
			isa = XCConfigurationList;
			buildConfigurations = (
				B8ACA1F829BC851A0062A755 /* Debug */,
				B8ACA1F929BC851A0062A755 /* Release */,
			);
			defaultConfigurationIsVisible = 0;
			defaultConfigurationName = Release;
		};
/* End XCConfigurationList section */
	};
	rootObject = B8ACA1DB29BC85190062A755 /* Project object */;
}
