// !$*UTF8*$!
{
	archiveVersion = 1;
	classes = {
	};
	objectVersion = 56;
	objects = {

/* Begin PBXBuildFile section */
		B8A051BC29B721580027DCEC /* AppDelegate.swift in Sources */ = {isa = PBXBuildFile; fileRef = B8A051BB29B721580027DCEC /* AppDelegate.swift */; };
		B8A051BE29B721580027DCEC /* SceneDelegate.swift in Sources */ = {isa = PBXBuildFile; fileRef = B8A051BD29B721580027DCEC /* SceneDelegate.swift */; };
		B8A051C029B721580027DCEC /* ViewController.swift in Sources */ = {isa = PBXBuildFile; fileRef = B8A051BF29B721580027DCEC /* ViewController.swift */; };
		B8A051C329B721580027DCEC /* Main.storyboard in Resources */ = {isa = PBXBuildFile; fileRef = B8A051C129B721580027DCEC /* Main.storyboard */; };
		B8A051C529B721590027DCEC /* Assets.xcassets in Resources */ = {isa = PBXBuildFile; fileRef = B8A051C429B721590027DCEC /* Assets.xcassets */; };
		B8A051C829B721590027DCEC /* LaunchScreen.storyboard in Resources */ = {isa = PBXBuildFile; fileRef = B8A051C629B721590027DCEC /* LaunchScreen.storyboard */; };
		B8A051DA29B7230B0027DCEC /* 5.jpg in Resources */ = {isa = PBXBuildFile; fileRef = B8A051D029B7230B0027DCEC /* 5.jpg */; };
		B8A051DB29B7230B0027DCEC /* 4.jpg in Resources */ = {isa = PBXBuildFile; fileRef = B8A051D129B7230B0027DCEC /* 4.jpg */; };
		B8A051DC29B7230B0027DCEC /* 8.jpg in Resources */ = {isa = PBXBuildFile; fileRef = B8A051D229B7230B0027DCEC /* 8.jpg */; };
		B8A051DD29B7230B0027DCEC /* 9.jpg in Resources */ = {isa = PBXBuildFile; fileRef = B8A051D329B7230B0027DCEC /* 9.jpg */; };
		B8A051DE29B7230B0027DCEC /* 10.jpg in Resources */ = {isa = PBXBuildFile; fileRef = B8A051D429B7230B0027DCEC /* 10.jpg */; };
		B8A051DF29B7230B0027DCEC /* 6.jpg in Resources */ = {isa = PBXBuildFile; fileRef = B8A051D529B7230B0027DCEC /* 6.jpg */; };
		B8A051E029B7230B0027DCEC /* 3.jpg in Resources */ = {isa = PBXBuildFile; fileRef = B8A051D629B7230B0027DCEC /* 3.jpg */; };
		B8A051E129B7230B0027DCEC /* 2.jpg in Resources */ = {isa = PBXBuildFile; fileRef = B8A051D729B7230B0027DCEC /* 2.jpg */; };
		B8A051E229B7230B0027DCEC /* 1.jpg in Resources */ = {isa = PBXBuildFile; fileRef = B8A051D829B7230B0027DCEC /* 1.jpg */; };
		B8A051E329B7230B0027DCEC /* 7.jpg in Resources */ = {isa = PBXBuildFile; fileRef = B8A051D929B7230B0027DCEC /* 7.jpg */; };
/* End PBXBuildFile section */

/* Begin PBXFileReference section */
		B8A051B829B721580027DCEC /* 05_Mission.app */ = {isa = PBXFileReference; explicitFileType = wrapper.application; includeInIndex = 0; path = 05_Mission.app; sourceTree = BUILT_PRODUCTS_DIR; };
		B8A051BB29B721580027DCEC /* AppDelegate.swift */ = {isa = PBXFileReference; lastKnownFileType = sourcecode.swift; path = AppDelegate.swift; sourceTree = "<group>"; };
		B8A051BD29B721580027DCEC /* SceneDelegate.swift */ = {isa = PBXFileReference; lastKnownFileType = sourcecode.swift; path = SceneDelegate.swift; sourceTree = "<group>"; };
		B8A051BF29B721580027DCEC /* ViewController.swift */ = {isa = PBXFileReference; lastKnownFileType = sourcecode.swift; path = ViewController.swift; sourceTree = "<group>"; };
		B8A051C229B721580027DCEC /* Base */ = {isa = PBXFileReference; lastKnownFileType = file.storyboard; name = Base; path = Base.lproj/Main.storyboard; sourceTree = "<group>"; };
		B8A051C429B721590027DCEC /* Assets.xcassets */ = {isa = PBXFileReference; lastKnownFileType = folder.assetcatalog; path = Assets.xcassets; sourceTree = "<group>"; };
		B8A051C729B721590027DCEC /* Base */ = {isa = PBXFileReference; lastKnownFileType = file.storyboard; name = Base; path = Base.lproj/LaunchScreen.storyboard; sourceTree = "<group>"; };
		B8A051C929B721590027DCEC /* Info.plist */ = {isa = PBXFileReference; lastKnownFileType = text.plist.xml; path = Info.plist; sourceTree = "<group>"; };
		B8A051D029B7230B0027DCEC /* 5.jpg */ = {isa = PBXFileReference; lastKnownFileType = image.jpeg; path = 5.jpg; sourceTree = "<group>"; };
		B8A051D129B7230B0027DCEC /* 4.jpg */ = {isa = PBXFileReference; lastKnownFileType = image.jpeg; path = 4.jpg; sourceTree = "<group>"; };
		B8A051D229B7230B0027DCEC /* 8.jpg */ = {isa = PBXFileReference; lastKnownFileType = image.jpeg; path = 8.jpg; sourceTree = "<group>"; };
		B8A051D329B7230B0027DCEC /* 9.jpg */ = {isa = PBXFileReference; lastKnownFileType = image.jpeg; path = 9.jpg; sourceTree = "<group>"; };
		B8A051D429B7230B0027DCEC /* 10.jpg */ = {isa = PBXFileReference; lastKnownFileType = image.jpeg; path = 10.jpg; sourceTree = "<group>"; };
		B8A051D529B7230B0027DCEC /* 6.jpg */ = {isa = PBXFileReference; lastKnownFileType = image.jpeg; path = 6.jpg; sourceTree = "<group>"; };
		B8A051D629B7230B0027DCEC /* 3.jpg */ = {isa = PBXFileReference; lastKnownFileType = image.jpeg; path = 3.jpg; sourceTree = "<group>"; };
		B8A051D729B7230B0027DCEC /* 2.jpg */ = {isa = PBXFileReference; lastKnownFileType = image.jpeg; path = 2.jpg; sourceTree = "<group>"; };
		B8A051D829B7230B0027DCEC /* 1.jpg */ = {isa = PBXFileReference; lastKnownFileType = image.jpeg; path = 1.jpg; sourceTree = "<group>"; };
		B8A051D929B7230B0027DCEC /* 7.jpg */ = {isa = PBXFileReference; lastKnownFileType = image.jpeg; path = 7.jpg; sourceTree = "<group>"; };
/* End PBXFileReference section */

/* Begin PBXFrameworksBuildPhase section */
		B8A051B529B721580027DCEC /* Frameworks */ = {
			isa = PBXFrameworksBuildPhase;
			buildActionMask = 2147483647;
			files = (
			);
			runOnlyForDeploymentPostprocessing = 0;
		};
/* End PBXFrameworksBuildPhase section */

/* Begin PBXGroup section */
		B8A051AF29B721580027DCEC = {
			isa = PBXGroup;
			children = (
				B8A051BA29B721580027DCEC /* 05_Mission */,
				B8A051B929B721580027DCEC /* Products */,
			);
			sourceTree = "<group>";
		};
		B8A051B929B721580027DCEC /* Products */ = {
			isa = PBXGroup;
			children = (
				B8A051B829B721580027DCEC /* 05_Mission.app */,
			);
			name = Products;
			sourceTree = "<group>";
		};
		B8A051BA29B721580027DCEC /* 05_Mission */ = {
			isa = PBXGroup;
			children = (
				B8A051CF29B723020027DCEC /* images */,
				B8A051BB29B721580027DCEC /* AppDelegate.swift */,
				B8A051BD29B721580027DCEC /* SceneDelegate.swift */,
				B8A051BF29B721580027DCEC /* ViewController.swift */,
				B8A051C129B721580027DCEC /* Main.storyboard */,
				B8A051C429B721590027DCEC /* Assets.xcassets */,
				B8A051C629B721590027DCEC /* LaunchScreen.storyboard */,
				B8A051C929B721590027DCEC /* Info.plist */,
			);
			path = 05_Mission;
			sourceTree = "<group>";
		};
		B8A051CF29B723020027DCEC /* images */ = {
			isa = PBXGroup;
			children = (
				B8A051D829B7230B0027DCEC /* 1.jpg */,
				B8A051D729B7230B0027DCEC /* 2.jpg */,
				B8A051D629B7230B0027DCEC /* 3.jpg */,
				B8A051D129B7230B0027DCEC /* 4.jpg */,
				B8A051D029B7230B0027DCEC /* 5.jpg */,
				B8A051D529B7230B0027DCEC /* 6.jpg */,
				B8A051D929B7230B0027DCEC /* 7.jpg */,
				B8A051D229B7230B0027DCEC /* 8.jpg */,
				B8A051D329B7230B0027DCEC /* 9.jpg */,
				B8A051D429B7230B0027DCEC /* 10.jpg */,
			);
			path = images;
			sourceTree = "<group>";
		};
/* End PBXGroup section */

/* Begin PBXNativeTarget section */
		B8A051B729B721580027DCEC /* 05_Mission */ = {
			isa = PBXNativeTarget;
			buildConfigurationList = B8A051CC29B721590027DCEC /* Build configuration list for PBXNativeTarget "05_Mission" */;
			buildPhases = (
				B8A051B429B721580027DCEC /* Sources */,
				B8A051B529B721580027DCEC /* Frameworks */,
				B8A051B629B721580027DCEC /* Resources */,
			);
			buildRules = (
			);
			dependencies = (
			);
			name = 05_Mission;
			productName = 05_Mission;
			productReference = B8A051B829B721580027DCEC /* 05_Mission.app */;
			productType = "com.apple.product-type.application";
		};
/* End PBXNativeTarget section */

/* Begin PBXProject section */
		B8A051B029B721580027DCEC /* Project object */ = {
			isa = PBXProject;
			attributes = {
				BuildIndependentTargetsInParallel = 1;
				LastSwiftUpdateCheck = 1420;
				LastUpgradeCheck = 1420;
				TargetAttributes = {
					B8A051B729B721580027DCEC = {
						CreatedOnToolsVersion = 14.2;
					};
				};
			};
			buildConfigurationList = B8A051B329B721580027DCEC /* Build configuration list for PBXProject "05_Mission" */;
			compatibilityVersion = "Xcode 14.0";
			developmentRegion = en;
			hasScannedForEncodings = 0;
			knownRegions = (
				en,
				Base,
			);
			mainGroup = B8A051AF29B721580027DCEC;
			productRefGroup = B8A051B929B721580027DCEC /* Products */;
			projectDirPath = "";
			projectRoot = "";
			targets = (
				B8A051B729B721580027DCEC /* 05_Mission */,
			);
		};
/* End PBXProject section */

/* Begin PBXResourcesBuildPhase section */
		B8A051B629B721580027DCEC /* Resources */ = {
			isa = PBXResourcesBuildPhase;
			buildActionMask = 2147483647;
			files = (
				B8A051E129B7230B0027DCEC /* 2.jpg in Resources */,
				B8A051DF29B7230B0027DCEC /* 6.jpg in Resources */,
				B8A051DC29B7230B0027DCEC /* 8.jpg in Resources */,
				B8A051C829B721590027DCEC /* LaunchScreen.storyboard in Resources */,
				B8A051DD29B7230B0027DCEC /* 9.jpg in Resources */,
				B8A051DA29B7230B0027DCEC /* 5.jpg in Resources */,
				B8A051E029B7230B0027DCEC /* 3.jpg in Resources */,
				B8A051C529B721590027DCEC /* Assets.xcassets in Resources */,
				B8A051DB29B7230B0027DCEC /* 4.jpg in Resources */,
				B8A051E229B7230B0027DCEC /* 1.jpg in Resources */,
				B8A051E329B7230B0027DCEC /* 7.jpg in Resources */,
				B8A051DE29B7230B0027DCEC /* 10.jpg in Resources */,
				B8A051C329B721580027DCEC /* Main.storyboard in Resources */,
			);
			runOnlyForDeploymentPostprocessing = 0;
		};
/* End PBXResourcesBuildPhase section */

/* Begin PBXSourcesBuildPhase section */
		B8A051B429B721580027DCEC /* Sources */ = {
			isa = PBXSourcesBuildPhase;
			buildActionMask = 2147483647;
			files = (
				B8A051C029B721580027DCEC /* ViewController.swift in Sources */,
				B8A051BC29B721580027DCEC /* AppDelegate.swift in Sources */,
				B8A051BE29B721580027DCEC /* SceneDelegate.swift in Sources */,
			);
			runOnlyForDeploymentPostprocessing = 0;
		};
/* End PBXSourcesBuildPhase section */

/* Begin PBXVariantGroup section */
		B8A051C129B721580027DCEC /* Main.storyboard */ = {
			isa = PBXVariantGroup;
			children = (
				B8A051C229B721580027DCEC /* Base */,
			);
			name = Main.storyboard;
			sourceTree = "<group>";
		};
		B8A051C629B721590027DCEC /* LaunchScreen.storyboard */ = {
			isa = PBXVariantGroup;
			children = (
				B8A051C729B721590027DCEC /* Base */,
			);
			name = LaunchScreen.storyboard;
			sourceTree = "<group>";
		};
/* End PBXVariantGroup section */

/* Begin XCBuildConfiguration section */
		B8A051CA29B721590027DCEC /* Debug */ = {
			isa = XCBuildConfiguration;
			buildSettings = {
				ALWAYS_SEARCH_USER_PATHS = NO;
				CLANG_ANALYZER_NONNULL = YES;
				CLANG_ANALYZER_NUMBER_OBJECT_CONVERSION = YES_AGGRESSIVE;
				CLANG_CXX_LANGUAGE_STANDARD = "gnu++20";
				CLANG_ENABLE_MODULES = YES;
				CLANG_ENABLE_OBJC_ARC = YES;
				CLANG_ENABLE_OBJC_WEAK = YES;
				CLANG_WARN_BLOCK_CAPTURE_AUTORELEASING = YES;
				CLANG_WARN_BOOL_CONVERSION = YES;
				CLANG_WARN_COMMA = YES;
				CLANG_WARN_CONSTANT_CONVERSION = YES;
				CLANG_WARN_DEPRECATED_OBJC_IMPLEMENTATIONS = YES;
				CLANG_WARN_DIRECT_OBJC_ISA_USAGE = YES_ERROR;
				CLANG_WARN_DOCUMENTATION_COMMENTS = YES;
				CLANG_WARN_EMPTY_BODY = YES;
				CLANG_WARN_ENUM_CONVERSION = YES;
				CLANG_WARN_INFINITE_RECURSION = YES;
				CLANG_WARN_INT_CONVERSION = YES;
				CLANG_WARN_NON_LITERAL_NULL_CONVERSION = YES;
				CLANG_WARN_OBJC_IMPLICIT_RETAIN_SELF = YES;
				CLANG_WARN_OBJC_LITERAL_CONVERSION = YES;
				CLANG_WARN_OBJC_ROOT_CLASS = YES_ERROR;
				CLANG_WARN_QUOTED_INCLUDE_IN_FRAMEWORK_HEADER = YES;
				CLANG_WARN_RANGE_LOOP_ANALYSIS = YES;
				CLANG_WARN_STRICT_PROTOTYPES = YES;
				CLANG_WARN_SUSPICIOUS_MOVE = YES;
				CLANG_WARN_UNGUARDED_AVAILABILITY = YES_AGGRESSIVE;
				CLANG_WARN_UNREACHABLE_CODE = YES;
				CLANG_WARN__DUPLICATE_METHOD_MATCH = YES;
				COPY_PHASE_STRIP = NO;
				DEBUG_INFORMATION_FORMAT = dwarf;
				ENABLE_STRICT_OBJC_MSGSEND = YES;
				ENABLE_TESTABILITY = YES;
				GCC_C_LANGUAGE_STANDARD = gnu11;
				GCC_DYNAMIC_NO_PIC = NO;
				GCC_NO_COMMON_BLOCKS = YES;
				GCC_OPTIMIZATION_LEVEL = 0;
				GCC_PREPROCESSOR_DEFINITIONS = (
					"DEBUG=1",
					"$(inherited)",
				);
				GCC_WARN_64_TO_32_BIT_CONVERSION = YES;
				GCC_WARN_ABOUT_RETURN_TYPE = YES_ERROR;
				GCC_WARN_UNDECLARED_SELECTOR = YES;
				GCC_WARN_UNINITIALIZED_AUTOS = YES_AGGRESSIVE;
				GCC_WARN_UNUSED_FUNCTION = YES;
				GCC_WARN_UNUSED_VARIABLE = YES;
				IPHONEOS_DEPLOYMENT_TARGET = 16.2;
				MTL_ENABLE_DEBUG_INFO = INCLUDE_SOURCE;
				MTL_FAST_MATH = YES;
				ONLY_ACTIVE_ARCH = YES;
				SDKROOT = iphoneos;
				SWIFT_ACTIVE_COMPILATION_CONDITIONS = DEBUG;
				SWIFT_OPTIMIZATION_LEVEL = "-Onone";
			};
			name = Debug;
		};
		B8A051CB29B721590027DCEC /* Release */ = {
			isa = XCBuildConfiguration;
			buildSettings = {
				ALWAYS_SEARCH_USER_PATHS = NO;
				CLANG_ANALYZER_NONNULL = YES;
				CLANG_ANALYZER_NUMBER_OBJECT_CONVERSION = YES_AGGRESSIVE;
				CLANG_CXX_LANGUAGE_STANDARD = "gnu++20";
				CLANG_ENABLE_MODULES = YES;
				CLANG_ENABLE_OBJC_ARC = YES;
				CLANG_ENABLE_OBJC_WEAK = YES;
				CLANG_WARN_BLOCK_CAPTURE_AUTORELEASING = YES;
				CLANG_WARN_BOOL_CONVERSION = YES;
				CLANG_WARN_COMMA = YES;
				CLANG_WARN_CONSTANT_CONVERSION = YES;
				CLANG_WARN_DEPRECATED_OBJC_IMPLEMENTATIONS = YES;
				CLANG_WARN_DIRECT_OBJC_ISA_USAGE = YES_ERROR;
				CLANG_WARN_DOCUMENTATION_COMMENTS = YES;
				CLANG_WARN_EMPTY_BODY = YES;
				CLANG_WARN_ENUM_CONVERSION = YES;
				CLANG_WARN_INFINITE_RECURSION = YES;
				CLANG_WARN_INT_CONVERSION = YES;
				CLANG_WARN_NON_LITERAL_NULL_CONVERSION = YES;
				CLANG_WARN_OBJC_IMPLICIT_RETAIN_SELF = YES;
				CLANG_WARN_OBJC_LITERAL_CONVERSION = YES;
				CLANG_WARN_OBJC_ROOT_CLASS = YES_ERROR;
				CLANG_WARN_QUOTED_INCLUDE_IN_FRAMEWORK_HEADER = YES;
				CLANG_WARN_RANGE_LOOP_ANALYSIS = YES;
				CLANG_WARN_STRICT_PROTOTYPES = YES;
				CLANG_WARN_SUSPICIOUS_MOVE = YES;
				CLANG_WARN_UNGUARDED_AVAILABILITY = YES_AGGRESSIVE;
				CLANG_WARN_UNREACHABLE_CODE = YES;
				CLANG_WARN__DUPLICATE_METHOD_MATCH = YES;
				COPY_PHASE_STRIP = NO;
				DEBUG_INFORMATION_FORMAT = "dwarf-with-dsym";
				ENABLE_NS_ASSERTIONS = NO;
				ENABLE_STRICT_OBJC_MSGSEND = YES;
				GCC_C_LANGUAGE_STANDARD = gnu11;
				GCC_NO_COMMON_BLOCKS = YES;
				GCC_WARN_64_TO_32_BIT_CONVERSION = YES;
				GCC_WARN_ABOUT_RETURN_TYPE = YES_ERROR;
				GCC_WARN_UNDECLARED_SELECTOR = YES;
				GCC_WARN_UNINITIALIZED_AUTOS = YES_AGGRESSIVE;
				GCC_WARN_UNUSED_FUNCTION = YES;
				GCC_WARN_UNUSED_VARIABLE = YES;
				IPHONEOS_DEPLOYMENT_TARGET = 16.2;
				MTL_ENABLE_DEBUG_INFO = NO;
				MTL_FAST_MATH = YES;
				SDKROOT = iphoneos;
				SWIFT_COMPILATION_MODE = wholemodule;
				SWIFT_OPTIMIZATION_LEVEL = "-O";
				VALIDATE_PRODUCT = YES;
			};
			name = Release;
		};
		B8A051CD29B721590027DCEC /* Debug */ = {
			isa = XCBuildConfiguration;
			buildSettings = {
				ASSETCATALOG_COMPILER_APPICON_NAME = AppIcon;
				ASSETCATALOG_COMPILER_GLOBAL_ACCENT_COLOR_NAME = AccentColor;
				CODE_SIGN_STYLE = Automatic;
				CURRENT_PROJECT_VERSION = 1;
				DEVELOPMENT_TEAM = RCM87YWJ79;
				GENERATE_INFOPLIST_FILE = YES;
				INFOPLIST_FILE = 05_Mission/Info.plist;
				INFOPLIST_KEY_UIApplicationSupportsIndirectInputEvents = YES;
				INFOPLIST_KEY_UILaunchStoryboardName = LaunchScreen;
				INFOPLIST_KEY_UIMainStoryboardFile = Main;
				INFOPLIST_KEY_UISupportedInterfaceOrientations = UIInterfaceOrientationPortrait;
				LD_RUNPATH_SEARCH_PATHS = (
					"$(inherited)",
					"@executable_path/Frameworks",
				);
				MARKETING_VERSION = 1.0;
				PRODUCT_BUNDLE_IDENTIFIER = "com.kybeen.-5-Mission";
				PRODUCT_NAME = "$(TARGET_NAME)";
				SWIFT_EMIT_LOC_STRINGS = YES;
				SWIFT_VERSION = 5.0;
				TARGETED_DEVICE_FAMILY = "1,2";
			};
			name = Debug;
		};
		B8A051CE29B721590027DCEC /* Release */ = {
			isa = XCBuildConfiguration;
			buildSettings = {
				ASSETCATALOG_COMPILER_APPICON_NAME = AppIcon;
				ASSETCATALOG_COMPILER_GLOBAL_ACCENT_COLOR_NAME = AccentColor;
				CODE_SIGN_STYLE = Automatic;
				CURRENT_PROJECT_VERSION = 1;
				DEVELOPMENT_TEAM = RCM87YWJ79;
				GENERATE_INFOPLIST_FILE = YES;
				INFOPLIST_FILE = 05_Mission/Info.plist;
				INFOPLIST_KEY_UIApplicationSupportsIndirectInputEvents = YES;
				INFOPLIST_KEY_UILaunchStoryboardName = LaunchScreen;
				INFOPLIST_KEY_UIMainStoryboardFile = Main;
				INFOPLIST_KEY_UISupportedInterfaceOrientations = UIInterfaceOrientationPortrait;
				LD_RUNPATH_SEARCH_PATHS = (
					"$(inherited)",
					"@executable_path/Frameworks",
				);
				MARKETING_VERSION = 1.0;
				PRODUCT_BUNDLE_IDENTIFIER = "com.kybeen.-5-Mission";
				PRODUCT_NAME = "$(TARGET_NAME)";
				SWIFT_EMIT_LOC_STRINGS = YES;
				SWIFT_VERSION = 5.0;
				TARGETED_DEVICE_FAMILY = "1,2";
			};
			name = Release;
		};
/* End XCBuildConfiguration section */

/* Begin XCConfigurationList section */
		B8A051B329B721580027DCEC /* Build configuration list for PBXProject "05_Mission" */ = {
			isa = XCConfigurationList;
			buildConfigurations = (
				B8A051CA29B721590027DCEC /* Debug */,
				B8A051CB29B721590027DCEC /* Release */,
			);
			defaultConfigurationIsVisible = 0;
			defaultConfigurationName = Release;
		};
		B8A051CC29B721590027DCEC /* Build configuration list for PBXNativeTarget "05_Mission" */ = {
			isa = XCConfigurationList;
			buildConfigurations = (
				B8A051CD29B721590027DCEC /* Debug */,
				B8A051CE29B721590027DCEC /* Release */,
			);
			defaultConfigurationIsVisible = 0;
			defaultConfigurationName = Release;
		};
/* End XCConfigurationList section */
	};
	rootObject = B8A051B029B721580027DCEC /* Project object */;
}
